
Microsoft Visual Studio Solution File, Format Version 12.00
# Visual Studio Version 17
VisualStudioVersion = 17.7.34202.233
MinimumVisualStudioVersion = 10.0.40219.1
Project("{FAE04EC0-301F-11D3-BF4B-00C04F79EFBC}") = "XboxExplorerKiller", "XboxExplorerKiller.csproj", "{B615A92D-2CD1-4D8C-9064-30866D597FFD}"
EndProject
Global
	GlobalSection(SolutionConfigurationPlatforms) = preSolution
		Debug|Any CPU = Debug|Any CPU
		Release|Any CPU = Release|Any CPU
	EndGlobalSection
	GlobalSection(ProjectConfigurationPlatforms) = postSolution
		{B615A92D-2CD1-4D8C-9064-30866D597FFD}.Debug|Any CPU.ActiveCfg = Debug|Any CPU
		{B615A92D-2CD1-4D8C-9064-30866D597FFD}.Debug|Any CPU.Build.0 = Debug|Any CPU
		{B615A92D-2CD1-4D8C-9064-30866D597FFD}.Release|Any CPU.ActiveCfg = Release|Any CPU
		{B615A92D-2CD1-4D8C-9064-30866D597FFD}.Release|Any CPU.Build.0 = Release|Any CPU
	EndGlobalSection
	GlobalSection(SolutionProperties) = preSolution
		HideSolutionNode = FALSE
	EndGlobalSection
	GlobalSection(ExtensibilityGlobals) = postSolution
		SolutionGuid = {E7A53C22-804A-4BA7-ACA7-11714CCFF0B5}
	EndGlobalSection
EndGlobal
